
Microsoft Visual Studio Solution File, Format Version 12.00
# Visual Studio 15
Project("{FAE04EC0-301F-11D3-BF4B-00C04F79EFBC}") = "PhotonRealtime", "PhotonRealtime.csproj", "{B381BFBD-EF70-AD3E-2BC0-852B4F70240C}"
EndProject
Project("{FAE04EC0-301F-11D3-BF4B-00C04F79EFBC}") = "Assembly-CSharp", "Assembly-CSharp.csproj", "{AEA24E1C-1744-53E8-12E3-C76BBAEE684D}"
EndProject
Project("{FAE04EC0-301F-11D3-BF4B-00C04F79EFBC}") = "PhotonUnityNetworking", "PhotonUnityNetworking.csproj", "{F7A8F77F-2DE0-F51D-963F-F72C3237DD13}"
EndProject
Project("{FAE04EC0-301F-11D3-BF4B-00C04F79EFBC}") = "PhotonUnityNetworking.Utilities", "PhotonUnityNetworking.Utilities.csproj", "{CBBF5E12-EAA8-84EA-FF14-6FC02FDF8F7E}"
EndProject
Project("{FAE04EC0-301F-11D3-BF4B-00C04F79EFBC}") = "PhotonChat", "PhotonChat.csproj", "{9894D3EF-0C80-1837-C2C6-B7B8A3DFAAA9}"
EndProject
Project("{FAE04EC0-301F-11D3-BF4B-00C04F79EFBC}") = "PhotonUnityNetworking.Editor", "PhotonUnityNetworking.Editor.csproj", "{29D02DC8-895C-B526-199C-1F4263E02583}"
EndProject
Project("{FAE04EC0-301F-11D3-BF4B-00C04F79EFBC}") = "PhotonUnityNetworking.Utilities.PhotonPlayer.Editor", "PhotonUnityNetworking.Utilities.PhotonPlayer.Editor.csproj", "{CD89EF87-D8D0-ACB5-5491-F52ED34A23F8}"
EndProject
Project("{FAE04EC0-301F-11D3-BF4B-00C04F79EFBC}") = "PhotonUnityNetworking.Utilities.Culling.Editor", "PhotonUnityNetworking.Utilities.Culling.Editor.csproj", "{69A9DB49-71B7-F3D9-F898-110550BE1C7A}"
EndProject
Global
	GlobalSection(SolutionConfigurationPlatforms) = preSolution
		Debug|Any CPU = Debug|Any CPU
		Release|Any CPU = Release|Any CPU
	EndGlobalSection
	GlobalSection(ProjectConfigurationPlatforms) = postSolution
		{B381BFBD-EF70-AD3E-2BC0-852B4F70240C}.Debug|Any CPU.ActiveCfg = Debug|Any CPU
		{B381BFBD-EF70-AD3E-2BC0-852B4F70240C}.Debug|Any CPU.Build.0 = Debug|Any CPU
		{B381BFBD-EF70-AD3E-2BC0-852B4F70240C}.Release|Any CPU.ActiveCfg = Release|Any CPU
		{B381BFBD-EF70-AD3E-2BC0-852B4F70240C}.Release|Any CPU.Build.0 = Release|Any CPU
		{AEA24E1C-1744-53E8-12E3-C76BBAEE684D}.Debug|Any CPU.ActiveCfg = Debug|Any CPU
		{AEA24E1C-1744-53E8-12E3-C76BBAEE684D}.Debug|Any CPU.Build.0 = Debug|Any CPU
		{AEA24E1C-1744-53E8-12E3-C76BBAEE684D}.Release|Any CPU.ActiveCfg = Release|Any CPU
		{AEA24E1C-1744-53E8-12E3-C76BBAEE684D}.Release|Any CPU.Build.0 = Release|Any CPU
		{F7A8F77F-2DE0-F51D-963F-F72C3237DD13}.Debug|Any CPU.ActiveCfg = Debug|Any CPU
		{F7A8F77F-2DE0-F51D-963F-F72C3237DD13}.Debug|Any CPU.Build.0 = Debug|Any CPU
		{F7A8F77F-2DE0-F51D-963F-F72C3237DD13}.Release|Any CPU.ActiveCfg = Release|Any CPU
		{F7A8F77F-2DE0-F51D-963F-F72C3237DD13}.Release|Any CPU.Build.0 = Release|Any CPU
		{CBBF5E12-EAA8-84EA-FF14-6FC02FDF8F7E}.Debug|Any CPU.ActiveCfg = Debug|Any CPU
		{CBBF5E12-EAA8-84EA-FF14-6FC02FDF8F7E}.Debug|Any CPU.Build.0 = Debug|Any CPU
		{CBBF5E12-EAA8-84EA-FF14-6FC02FDF8F7E}.Release|Any CPU.ActiveCfg = Release|Any CPU
		{CBBF5E12-EAA8-84EA-FF14-6FC02FDF8F7E}.Release|Any CPU.Build.0 = Release|Any CPU
		{9894D3EF-0C80-1837-C2C6-B7B8A3DFAAA9}.Debug|Any CPU.ActiveCfg = Debug|Any CPU
		{9894D3EF-0C80-1837-C2C6-B7B8A3DFAAA9}.Debug|Any CPU.Build.0 = Debug|Any CPU
		{9894D3EF-0C80-1837-C2C6-B7B8A3DFAAA9}.Release|Any CPU.ActiveCfg = Release|Any CPU
		{9894D3EF-0C80-1837-C2C6-B7B8A3DFAAA9}.Release|Any CPU.Build.0 = Release|Any CPU
		{29D02DC8-895C-B526-199C-1F4263E02583}.Debug|Any CPU.ActiveCfg = Debug|Any CPU
		{29D02DC8-895C-B526-199C-1F4263E02583}.Debug|Any CPU.Build.0 = Debug|Any CPU
		{29D02DC8-895C-B526-199C-1F4263E02583}.Release|Any CPU.ActiveCfg = Release|Any CPU
		{29D02DC8-895C-B526-199C-1F4263E02583}.Release|Any CPU.Build.0 = Release|Any CPU
		{CD89EF87-D8D0-ACB5-5491-F52ED34A23F8}.Debug|Any CPU.ActiveCfg = Debug|Any CPU
		{CD89EF87-D8D0-ACB5-5491-F52ED34A23F8}.Debug|Any CPU.Build.0 = Debug|Any CPU
		{CD89EF87-D8D0-ACB5-5491-F52ED34A23F8}.Release|Any CPU.ActiveCfg = Release|Any CPU
		{CD89EF87-D8D0-ACB5-5491-F52ED34A23F8}.Release|Any CPU.Build.0 = Release|Any CPU
		{69A9DB49-71B7-F3D9-F898-110550BE1C7A}.Debug|Any CPU.ActiveCfg = Debug|Any CPU
		{69A9DB49-71B7-F3D9-F898-110550BE1C7A}.Debug|Any CPU.Build.0 = Debug|Any CPU
		{69A9DB49-71B7-F3D9-F898-110550BE1C7A}.Release|Any CPU.ActiveCfg = Release|Any CPU
		{69A9DB49-71B7-F3D9-F898-110550BE1C7A}.Release|Any CPU.Build.0 = Release|Any CPU
	EndGlobalSection
	GlobalSection(SolutionProperties) = preSolution
		HideSolutionNode = FALSE
	EndGlobalSection
EndGlobal
